
Microsoft Visual Studio Solution File, Format Version 12.00
# Visual Studio 15
VisualStudioVersion = 15.0.27703.2047
MinimumVisualStudioVersion = 10.0.40219.1
Project("{FAE04EC0-301F-11D3-BF4B-00C04F79EFBC}") = "GithubToc", "GithubToc\GithubToc.csproj", "{0EE711C6-EE5C-42B5-A507-DB62687E9891}"
EndProject
Project("{FAE04EC0-301F-11D3-BF4B-00C04F79EFBC}") = "GithubToc.Tests", "GithubToc.Tests\GithubToc.Tests.csproj", "{D5AA727B-0B74-4C3E-8BE0-CC143B34648D}"
EndProject
Project("{2150E333-8FDC-42A3-9474-1A3956D46DE8}") = ".paket", ".paket", "{541DE670-156E-48CD-AE00-8619C8ADBFDA}"
	ProjectSection(SolutionItems) = preProject
		paket.dependencies = paket.dependencies
		paket.lock = paket.lock
		.paket\Readme.paket.md = .paket\Readme.paket.md
	EndProjectSection
EndProject
Global
	GlobalSection(SolutionConfigurationPlatforms) = preSolution
		Debug|Any CPU = Debug|Any CPU
		Release|Any CPU = Release|Any CPU
	EndGlobalSection
	GlobalSection(ProjectConfigurationPlatforms) = postSolution
		{0EE711C6-EE5C-42B5-A507-DB62687E9891}.Debug|Any CPU.ActiveCfg = Debug|Any CPU
		{0EE711C6-EE5C-42B5-A507-DB62687E9891}.Debug|Any CPU.Build.0 = Debug|Any CPU
		{0EE711C6-EE5C-42B5-A507-DB62687E9891}.Release|Any CPU.ActiveCfg = Release|Any CPU
		{0EE711C6-EE5C-42B5-A507-DB62687E9891}.Release|Any CPU.Build.0 = Release|Any CPU
		{D5AA727B-0B74-4C3E-8BE0-CC143B34648D}.Debug|Any CPU.ActiveCfg = Debug|Any CPU
		{D5AA727B-0B74-4C3E-8BE0-CC143B34648D}.Debug|Any CPU.Build.0 = Debug|Any CPU
		{D5AA727B-0B74-4C3E-8BE0-CC143B34648D}.Release|Any CPU.ActiveCfg = Release|Any CPU
		{D5AA727B-0B74-4C3E-8BE0-CC143B34648D}.Release|Any CPU.Build.0 = Release|Any CPU
	EndGlobalSection
	GlobalSection(SolutionProperties) = preSolution
		HideSolutionNode = FALSE
	EndGlobalSection
	GlobalSection(ExtensibilityGlobals) = postSolution
		SolutionGuid = {8A2FA415-6B07-424C-BE84-5953C3D289BA}
	EndGlobalSection
EndGlobal
